
Microsoft Visual Studio Solution File, Format Version 12.00
# Visual Studio Version 16
VisualStudioVersion = 16.0.30711.63
MinimumVisualStudioVersion = 10.0.40219.1
Project("{8BC9CEB8-8B4A-11D0-8D11-00A0C91BC942}") = "MarsEngine", "MarsEngine\MarsEngine.vcxproj", "{AD8A429A-C45C-4300-9A66-ABB14094B370}"
EndProject
Project("{8BC9CEB8-8B4A-11D0-8D11-00A0C91BC942}") = "ImGui", "MarsEngine\src\Vender\ImGui\ImGui.vcxproj", "{3337A5AB-BFFE-4342-9467-20552789F55B}"
EndProject
Global
	GlobalSection(SolutionConfigurationPlatforms) = preSolution
		Debug|x64 = Debug|x64
		Debug|x86 = Debug|x86
		Release|x64 = Release|x64
		Release|x86 = Release|x86
	EndGlobalSection
	GlobalSection(ProjectConfigurationPlatforms) = postSolution
		{AD8A429A-C45C-4300-9A66-ABB14094B370}.Debug|x64.ActiveCfg = Debug|x64
		{AD8A429A-C45C-4300-9A66-ABB14094B370}.Debug|x64.Build.0 = Debug|x64
		{AD8A429A-C45C-4300-9A66-ABB14094B370}.Debug|x86.ActiveCfg = Debug|Win32
		{AD8A429A-C45C-4300-9A66-ABB14094B370}.Debug|x86.Build.0 = Debug|Win32
		{AD8A429A-C45C-4300-9A66-ABB14094B370}.Release|x64.ActiveCfg = Release|x64
		{AD8A429A-C45C-4300-9A66-ABB14094B370}.Release|x64.Build.0 = Release|x64
		{AD8A429A-C45C-4300-9A66-ABB14094B370}.Release|x86.ActiveCfg = Release|Win32
		{AD8A429A-C45C-4300-9A66-ABB14094B370}.Release|x86.Build.0 = Release|Win32
		{3337A5AB-BFFE-4342-9467-20552789F55B}.Debug|x64.ActiveCfg = Debug|x64
		{3337A5AB-BFFE-4342-9467-20552789F55B}.Debug|x64.Build.0 = Debug|x64
		{3337A5AB-BFFE-4342-9467-20552789F55B}.Debug|x86.ActiveCfg = Debug|Win32
		{3337A5AB-BFFE-4342-9467-20552789F55B}.Debug|x86.Build.0 = Debug|Win32
		{3337A5AB-BFFE-4342-9467-20552789F55B}.Release|x64.ActiveCfg = Release|x64
		{3337A5AB-BFFE-4342-9467-20552789F55B}.Release|x64.Build.0 = Release|x64
		{3337A5AB-BFFE-4342-9467-20552789F55B}.Release|x86.ActiveCfg = Release|Win32
		{3337A5AB-BFFE-4342-9467-20552789F55B}.Release|x86.Build.0 = Release|Win32
	EndGlobalSection
	GlobalSection(SolutionProperties) = preSolution
		HideSolutionNode = FALSE
	EndGlobalSection
	GlobalSection(ExtensibilityGlobals) = postSolution
		SolutionGuid = {3064E708-710B-462B-897B-E2901C37061F}
	EndGlobalSection
EndGlobal
